
Microsoft Visual Studio Solution File, Format Version 11.00
# Visual Studio 2010
Project("{FAE04EC0-301F-11D3-BF4B-00C04F79EFBC}") = "NailedIt", "NailedIt\NailedIt.csproj", "{2BE8ED0C-1B77-4C98-A3A8-E2E53DE04AE6}"
EndProject
Global
	GlobalSection(SolutionConfigurationPlatforms) = preSolution
		Debug|Any CPU = Debug|Any CPU
		Release|Any CPU = Release|Any CPU
	EndGlobalSection
	GlobalSection(ProjectConfigurationPlatforms) = postSolution
		{2BE8ED0C-1B77-4C98-A3A8-E2E53DE04AE6}.Debug|Any CPU.ActiveCfg = Debug|Any CPU
		{2BE8ED0C-1B77-4C98-A3A8-E2E53DE04AE6}.Debug|Any CPU.Build.0 = Debug|Any CPU
		{2BE8ED0C-1B77-4C98-A3A8-E2E53DE04AE6}.Release|Any CPU.ActiveCfg = Release|Any CPU
		{2BE8ED0C-1B77-4C98-A3A8-E2E53DE04AE6}.Release|Any CPU.Build.0 = Release|Any CPU
	EndGlobalSection
	GlobalSection(MonoDevelopProperties) = preSolution
		StartupItem = NailedIt\NailedIt.csproj
	EndGlobalSection
EndGlobal
